lockfileVersion: 5.3

specifiers:
  '@floating-ui/react-dom': 0.6.2
  '@mx-space/api-client': 0.9.2

dependencies:
  '@floating-ui/react-dom': 0.6.2
  '@mx-space/api-client': 0.9.2

packages:

  /@floating-ui/core/0.6.2:
    resolution: {integrity: sha512-jktYRmZwmau63adUG3GKOAVCofBXkk55S/zQ94XOorAHhwqFIOFAy1rSp2N0Wp6/tGbe9V3u/ExlGZypyY17rg==}
    dev: false

  /@floating-ui/dom/0.4.5:
    resolution: {integrity: sha512-b+prvQgJt8pieaKYMSJBXHxX/DYwdLsAWxKYqnO5dO2V4oo/TYBZJAUQCVNjTWWsrs6o4VDrNcP9+E70HAhJdw==}
    dependencies:
      '@floating-ui/core': 0.6.2
    dev: false

  /@floating-ui/react-dom/0.6.2:
    resolution: {integrity: sha512-nMk1ZDllNLagXrM4NmRkmC0BGxcDQUPIJsBxmvc45SzgjolcQK9b1Y0rGTqvJJIe6ae7xFd3c707vg5wM4hs5g==}
    peerDependencies:
      react: '>=16.8.0'
      react-dom: '>=16.8.0'
    dependencies:
      '@floating-ui/dom': 0.4.5
      use-isomorphic-layout-effect: 1.1.2
    transitivePeerDependencies:
      - '@types/react'
    dev: false

  /@mx-space/api-client/0.9.2:
    resolution: {integrity: sha512-uNWJFN8zSeAqRd1NmtU/mwzpotor+VgmhCs4MHFPKJSXCeoNBcJhTBh/vWj29Gl0B4ELUWfIE8o2RanRKWocuQ==}
    engines: {pnpm: '>=6'}
    dependencies:
      camelcase-keys: 7.0.2
    dev: false

  /camelcase-keys/7.0.2:
    resolution: {integrity: sha512-Rjs1H+A9R+Ig+4E/9oyB66UC5Mj9Xq3N//vcLf2WzgdTi/3gUu3Z9KoqmlrEG4VuuLK8wJHofxzdQXz/knhiYg==}
    engines: {node: '>=12'}
    dependencies:
      camelcase: 6.3.0
      map-obj: 4.3.0
      quick-lru: 5.1.1
      type-fest: 1.4.0
    dev: false

  /camelcase/6.3.0:
    resolution: {integrity: sha512-Gmy6FhYlCY7uOElZUSbxo2UCDH8owEk996gkbrpsgGtrJLM3J7jGxl9Ic7Qwwj4ivOE5AWZWRMecDdF7hqGjFA==}
    engines: {node: '>=10'}
    dev: false

  /map-obj/4.3.0:
    resolution: {integrity: sha512-hdN1wVrZbb29eBGiGjJbeP8JbKjq1urkHJ/LIP/NY48MZ1QVXUsQBV1G1zvYFHn1XE06cwjBsOI2K3Ulnj1YXQ==}
    engines: {node: '>=8'}
    dev: false

  /quick-lru/5.1.1:
    resolution: {integrity: sha512-WuyALRjWPDGtt/wzJiadO5AXY+8hZ80hVpe6MyivgraREW751X3SbhRvG3eLKOYN+8VEvqLcf3wdnt44Z4S4SA==}
    engines: {node: '>=10'}
    dev: false

  /type-fest/1.4.0:
    resolution: {integrity: sha512-yGSza74xk0UG8k+pLh5oeoYirvIiWo5t0/o3zHHAO2tRDiZcxWP7fywNlXhqb6/r6sWvwi+RsyQMWhVLe4BVuA==}
    engines: {node: '>=10'}
    dev: false

  /use-isomorphic-layout-effect/1.1.2:
    resolution: {integrity: sha512-49L8yCO3iGT/ZF9QttjwLF/ZD9Iwto5LnH5LmEdk/6cFmXddqi2ulF0edxTwjj+7mqvpVVGQWvbXZdn32wRSHA==}
    peerDependencies:
      '@types/react': '*'
      react: ^16.8.0 || ^17.0.0 || ^18.0.0
    peerDependenciesMeta:
      '@types/react':
        optional: true
    dev: false
